
Microsoft Visual Studio Solution File, Format Version 12.00
# Visual Studio Version 16
VisualStudioVersion = 16.0.32407.337
MinimumVisualStudioVersion = 10.0.40219.1
Project("{9A19103F-16F7-4668-BE54-9A1E7A4F7556}") = "Orientação objeto - Cadastro de funcionário", "Orientação objeto - Cadastro de funcionário\Orientação objeto - Cadastro de funcionário.csproj", "{C4256227-F274-45A8-A1F6-3CD0A3559E1E}"
EndProject
Project("{9A19103F-16F7-4668-BE54-9A1E7A4F7556}") = "ProgramaHerancaVeiculo", "..\ProgramaHerancaVeiculo\ProgramaHerancaVeiculo.csproj", "{7984C327-757C-4F8F-B5A5-1C0BB8CA72F9}"
EndProject
Project("{9A19103F-16F7-4668-BE54-9A1E7A4F7556}") = "Cadastro de Vendas", "..\Cadastro de Vendas\Cadastro de Vendas.csproj", "{9239138E-F0CD-43A0-ABA7-BD15DA35B0D7}"
EndProject
Project("{9A19103F-16F7-4668-BE54-9A1E7A4F7556}") = "Venda com uso de List", "..\Venda com uso de List\Venda com uso de List.csproj", "{DA5C8AF5-6025-4652-AA79-FF1813B405D2}"
EndProject
Project("{9A19103F-16F7-4668-BE54-9A1E7A4F7556}") = "Lista de Produtos", "Lista de Produtos\Lista de Produtos.csproj", "{B93146AA-F60F-416A-9E2C-D315D923FC9E}"
EndProject
Project("{9A19103F-16F7-4668-BE54-9A1E7A4F7556}") = "Interface Figura Geometrica", "Interface Figura Geometrica\Interface Figura Geometrica.csproj", "{3F089C2C-507B-41E1-AE8F-B77A9624A7EB}"
EndProject
Project("{9A19103F-16F7-4668-BE54-9A1E7A4F7556}") = "Interface tipo animal", "..\Interface tipo animal\Interface tipo animal.csproj", "{532A8165-5B9F-44F2-B958-F98698FA5E06}"
EndProject
Project("{FAE04EC0-301F-11D3-BF4B-00C04F79EFBC}") = "Cadastro Viagem", "..\Cadastro Viagem\Cadastro Viagem.csproj", "{0F9D5F57-400B-43B4-B320-032D7890FDAA}"
EndProject
Global
	GlobalSection(SolutionConfigurationPlatforms) = preSolution
		Debug|Any CPU = Debug|Any CPU
		Release|Any CPU = Release|Any CPU
	EndGlobalSection
	GlobalSection(ProjectConfigurationPlatforms) = postSolution
		{C4256227-F274-45A8-A1F6-3CD0A3559E1E}.Debug|Any CPU.ActiveCfg = Debug|Any CPU
		{C4256227-F274-45A8-A1F6-3CD0A3559E1E}.Debug|Any CPU.Build.0 = Debug|Any CPU
		{C4256227-F274-45A8-A1F6-3CD0A3559E1E}.Release|Any CPU.ActiveCfg = Release|Any CPU
		{C4256227-F274-45A8-A1F6-3CD0A3559E1E}.Release|Any CPU.Build.0 = Release|Any CPU
		{7984C327-757C-4F8F-B5A5-1C0BB8CA72F9}.Debug|Any CPU.ActiveCfg = Debug|Any CPU
		{7984C327-757C-4F8F-B5A5-1C0BB8CA72F9}.Debug|Any CPU.Build.0 = Debug|Any CPU
		{7984C327-757C-4F8F-B5A5-1C0BB8CA72F9}.Release|Any CPU.ActiveCfg = Release|Any CPU
		{7984C327-757C-4F8F-B5A5-1C0BB8CA72F9}.Release|Any CPU.Build.0 = Release|Any CPU
		{9239138E-F0CD-43A0-ABA7-BD15DA35B0D7}.Debug|Any CPU.ActiveCfg = Debug|Any CPU
		{9239138E-F0CD-43A0-ABA7-BD15DA35B0D7}.Debug|Any CPU.Build.0 = Debug|Any CPU
		{9239138E-F0CD-43A0-ABA7-BD15DA35B0D7}.Release|Any CPU.ActiveCfg = Release|Any CPU
		{9239138E-F0CD-43A0-ABA7-BD15DA35B0D7}.Release|Any CPU.Build.0 = Release|Any CPU
		{DA5C8AF5-6025-4652-AA79-FF1813B405D2}.Debug|Any CPU.ActiveCfg = Debug|Any CPU
		{DA5C8AF5-6025-4652-AA79-FF1813B405D2}.Debug|Any CPU.Build.0 = Debug|Any CPU
		{DA5C8AF5-6025-4652-AA79-FF1813B405D2}.Release|Any CPU.ActiveCfg = Release|Any CPU
		{DA5C8AF5-6025-4652-AA79-FF1813B405D2}.Release|Any CPU.Build.0 = Release|Any CPU
		{B93146AA-F60F-416A-9E2C-D315D923FC9E}.Debug|Any CPU.ActiveCfg = Debug|Any CPU
		{B93146AA-F60F-416A-9E2C-D315D923FC9E}.Debug|Any CPU.Build.0 = Debug|Any CPU
		{B93146AA-F60F-416A-9E2C-D315D923FC9E}.Release|Any CPU.ActiveCfg = Release|Any CPU
		{B93146AA-F60F-416A-9E2C-D315D923FC9E}.Release|Any CPU.Build.0 = Release|Any CPU
		{3F089C2C-507B-41E1-AE8F-B77A9624A7EB}.Debug|Any CPU.ActiveCfg = Debug|Any CPU
		{3F089C2C-507B-41E1-AE8F-B77A9624A7EB}.Debug|Any CPU.Build.0 = Debug|Any CPU
		{3F089C2C-507B-41E1-AE8F-B77A9624A7EB}.Release|Any CPU.ActiveCfg = Release|Any CPU
		{3F089C2C-507B-41E1-AE8F-B77A9624A7EB}.Release|Any CPU.Build.0 = Release|Any CPU
		{532A8165-5B9F-44F2-B958-F98698FA5E06}.Debug|Any CPU.ActiveCfg = Debug|Any CPU
		{532A8165-5B9F-44F2-B958-F98698FA5E06}.Debug|Any CPU.Build.0 = Debug|Any CPU
		{532A8165-5B9F-44F2-B958-F98698FA5E06}.Release|Any CPU.ActiveCfg = Release|Any CPU
		{532A8165-5B9F-44F2-B958-F98698FA5E06}.Release|Any CPU.Build.0 = Release|Any CPU
		{0F9D5F57-400B-43B4-B320-032D7890FDAA}.Debug|Any CPU.ActiveCfg = Debug|Any CPU
		{0F9D5F57-400B-43B4-B320-032D7890FDAA}.Debug|Any CPU.Build.0 = Debug|Any CPU
		{0F9D5F57-400B-43B4-B320-032D7890FDAA}.Release|Any CPU.ActiveCfg = Release|Any CPU
		{0F9D5F57-400B-43B4-B320-032D7890FDAA}.Release|Any CPU.Build.0 = Release|Any CPU
	EndGlobalSection
	GlobalSection(SolutionProperties) = preSolution
		HideSolutionNode = FALSE
	EndGlobalSection
	GlobalSection(ExtensibilityGlobals) = postSolution
		SolutionGuid = {E4ED4783-0FAA-4433-A5C5-1986ABC32F6C}
	EndGlobalSection
EndGlobal
